
Microsoft Visual Studio Solution File, Format Version 12.00
# Visual Studio Version 16
VisualStudioVersion = 16.0.29215.179
MinimumVisualStudioVersion = 10.0.40219.1
Project("{9A19103F-16F7-4668-BE54-9A1E7A4F7556}") = "WebJob.NetCore.BetaRelease", "WebJob.NetCore.BetaRelease\WebJob.NetCore.BetaRelease.csproj", "{A59E1DA7-D193-48D5-811A-EA235592FE2C}"
EndProject
Project("{9A19103F-16F7-4668-BE54-9A1E7A4F7556}") = "WebJob.NetCore.StableRelease", "WebJob.NetCore.StableRelease\WebJob.NetCore.StableRelease.csproj", "{26CB19E6-4799-4779-A7E2-9F02C29E8126}"
EndProject
Project("{9A19103F-16F7-4668-BE54-9A1E7A4F7556}") = "WebJob.AzureDevOps.CICD", "WebJob.AzureDevOps.CICD\WebJob.AzureDevOps.CICD.csproj", "{7D71F8E4-81A4-4351-B86A-EE08652B5674}"
EndProject
Global
	GlobalSection(SolutionConfigurationPlatforms) = preSolution
		Debug|Any CPU = Debug|Any CPU
		Release|Any CPU = Release|Any CPU
	EndGlobalSection
	GlobalSection(ProjectConfigurationPlatforms) = postSolution
		{A59E1DA7-D193-48D5-811A-EA235592FE2C}.Debug|Any CPU.ActiveCfg = Debug|Any CPU
		{A59E1DA7-D193-48D5-811A-EA235592FE2C}.Debug|Any CPU.Build.0 = Debug|Any CPU
		{A59E1DA7-D193-48D5-811A-EA235592FE2C}.Release|Any CPU.ActiveCfg = Release|Any CPU
		{A59E1DA7-D193-48D5-811A-EA235592FE2C}.Release|Any CPU.Build.0 = Release|Any CPU
		{26CB19E6-4799-4779-A7E2-9F02C29E8126}.Debug|Any CPU.ActiveCfg = Debug|Any CPU
		{26CB19E6-4799-4779-A7E2-9F02C29E8126}.Debug|Any CPU.Build.0 = Debug|Any CPU
		{26CB19E6-4799-4779-A7E2-9F02C29E8126}.Release|Any CPU.ActiveCfg = Release|Any CPU
		{26CB19E6-4799-4779-A7E2-9F02C29E8126}.Release|Any CPU.Build.0 = Release|Any CPU
		{7D71F8E4-81A4-4351-B86A-EE08652B5674}.Debug|Any CPU.ActiveCfg = Debug|Any CPU
		{7D71F8E4-81A4-4351-B86A-EE08652B5674}.Debug|Any CPU.Build.0 = Debug|Any CPU
		{7D71F8E4-81A4-4351-B86A-EE08652B5674}.Release|Any CPU.ActiveCfg = Release|Any CPU
		{7D71F8E4-81A4-4351-B86A-EE08652B5674}.Release|Any CPU.Build.0 = Release|Any CPU
	EndGlobalSection
	GlobalSection(SolutionProperties) = preSolution
		HideSolutionNode = FALSE
	EndGlobalSection
	GlobalSection(ExtensibilityGlobals) = postSolution
		SolutionGuid = {A85CF2DD-103C-4A9A-A13F-A01264CCFFC2}
	EndGlobalSection
EndGlobal
